
Microsoft Visual Studio Solution File, Format Version 12.00
# Visual Studio 15
Project("{FAE04EC0-301F-11D3-BF4B-00C04F79EFBC}") = "Falling Enemies Udemy", "Falling Enemies Udemy.csproj", "{A613A056-AD99-3443-FDA8-AE8C2809413B}"
EndProject
Project("{FAE04EC0-301F-11D3-BF4B-00C04F79EFBC}") = "Falling Enemies Udemy.Editor", "Falling Enemies Udemy.Editor.csproj", "{A6F66453-FB87-4B55-0FF4-5DDD095760F7}"
EndProject
Global
	GlobalSection(SolutionConfigurationPlatforms) = preSolution
		Debug|Any CPU = Debug|Any CPU
		Release|Any CPU = Release|Any CPU
	EndGlobalSection
	GlobalSection(ProjectConfigurationPlatforms) = postSolution
		{A613A056-AD99-3443-FDA8-AE8C2809413B}.Debug|Any CPU.ActiveCfg = Debug|Any CPU
		{A613A056-AD99-3443-FDA8-AE8C2809413B}.Debug|Any CPU.Build.0 = Debug|Any CPU
		{A613A056-AD99-3443-FDA8-AE8C2809413B}.Release|Any CPU.ActiveCfg = Release|Any CPU
		{A613A056-AD99-3443-FDA8-AE8C2809413B}.Release|Any CPU.Build.0 = Release|Any CPU
		{A6F66453-FB87-4B55-0FF4-5DDD095760F7}.Debug|Any CPU.ActiveCfg = Debug|Any CPU
		{A6F66453-FB87-4B55-0FF4-5DDD095760F7}.Debug|Any CPU.Build.0 = Debug|Any CPU
		{A6F66453-FB87-4B55-0FF4-5DDD095760F7}.Release|Any CPU.ActiveCfg = Release|Any CPU
		{A6F66453-FB87-4B55-0FF4-5DDD095760F7}.Release|Any CPU.Build.0 = Release|Any CPU
	EndGlobalSection
	GlobalSection(SolutionProperties) = preSolution
		HideSolutionNode = FALSE
	EndGlobalSection
EndGlobal
